
Microsoft Visual Studio Solution File, Format Version 12.00
# Visual Studio Version 17
VisualStudioVersion = 17.0.32014.148
MinimumVisualStudioVersion = 10.0.40219.1
Project("{FAE04EC0-301F-11D3-BF4B-00C04F79EFBC}") = "ExifPhotos.UWP", "ExifPhotos.UWP\ExifPhotos.UWP.csproj", "{BF923AA1-E20F-4AF0-8EA7-128C1E5A2C0E}"
EndProject
Project("{FAE04EC0-301F-11D3-BF4B-00C04F79EFBC}") = "ExifPhotos.Android", "ExifPhotos.Android\ExifPhotos.Android.csproj", "{3C6892B2-00E6-4232-85A7-D73340646DEE}"
EndProject
Project("{9A19103F-16F7-4668-BE54-9A1E7A4F7556}") = "ExifPhotos", "ExifPhotos\ExifPhotos.csproj", "{EBAA5A11-8E27-4706-AAC7-16FA6D43AC9D}"
EndProject
Project("{9A19103F-16F7-4668-BE54-9A1E7A4F7556}") = "ExifMetadata", "..\LibsCSharp\ExifMetadata\ExifMetadata.csproj", "{D692D896-93FA-4B4B-9998-3F70995F8A4F}"
EndProject
Project("{9A19103F-16F7-4668-BE54-9A1E7A4F7556}") = "FormsLib", "..\LibsCSharp\FormsLib\FormsLib.csproj", "{4F6C0E42-CD38-4C8C-8405-705E6F94452F}"
EndProject
Project("{9A19103F-16F7-4668-BE54-9A1E7A4F7556}") = "PlatformLib", "..\LibsCSharp\PlatformLib\PlatformLib.csproj", "{4FD3A5CF-E966-4854-B4C7-DEC82D2B2876}"
EndProject
Project("{9A19103F-16F7-4668-BE54-9A1E7A4F7556}") = "SettingsLib", "..\LibsCSharp\SettingsLib\SettingsLib.csproj", "{BED7A390-BC4F-43C3-A96C-ACEAEDA47682}"
EndProject
Global
	GlobalSection(SolutionConfigurationPlatforms) = preSolution
		Debug|Any CPU = Debug|Any CPU
		Debug|ARM = Debug|ARM
		Debug|iPhone = Debug|iPhone
		Debug|iPhoneSimulator = Debug|iPhoneSimulator
		Debug|x64 = Debug|x64
		Debug|x86 = Debug|x86
		Release|Any CPU = Release|Any CPU
		Release|ARM = Release|ARM
		Release|iPhone = Release|iPhone
		Release|iPhoneSimulator = Release|iPhoneSimulator
		Release|x64 = Release|x64
		Release|x86 = Release|x86
	EndGlobalSection
	GlobalSection(ProjectConfigurationPlatforms) = postSolution
		{BF923AA1-E20F-4AF0-8EA7-128C1E5A2C0E}.Debug|Any CPU.ActiveCfg = Debug|x64
		{BF923AA1-E20F-4AF0-8EA7-128C1E5A2C0E}.Debug|Any CPU.Build.0 = Debug|x64
		{BF923AA1-E20F-4AF0-8EA7-128C1E5A2C0E}.Debug|Any CPU.Deploy.0 = Debug|x64
		{BF923AA1-E20F-4AF0-8EA7-128C1E5A2C0E}.Debug|ARM.ActiveCfg = Debug|ARM
		{BF923AA1-E20F-4AF0-8EA7-128C1E5A2C0E}.Debug|ARM.Build.0 = Debug|ARM
		{BF923AA1-E20F-4AF0-8EA7-128C1E5A2C0E}.Debug|ARM.Deploy.0 = Debug|ARM
		{BF923AA1-E20F-4AF0-8EA7-128C1E5A2C0E}.Debug|iPhone.ActiveCfg = Debug|x64
		{BF923AA1-E20F-4AF0-8EA7-128C1E5A2C0E}.Debug|iPhone.Build.0 = Debug|x64
		{BF923AA1-E20F-4AF0-8EA7-128C1E5A2C0E}.Debug|iPhone.Deploy.0 = Debug|x64
		{BF923AA1-E20F-4AF0-8EA7-128C1E5A2C0E}.Debug|iPhoneSimulator.ActiveCfg = Debug|x64
		{BF923AA1-E20F-4AF0-8EA7-128C1E5A2C0E}.Debug|iPhoneSimulator.Build.0 = Debug|x64
		{BF923AA1-E20F-4AF0-8EA7-128C1E5A2C0E}.Debug|iPhoneSimulator.Deploy.0 = Debug|x64
		{BF923AA1-E20F-4AF0-8EA7-128C1E5A2C0E}.Debug|x64.ActiveCfg = Debug|x64
		{BF923AA1-E20F-4AF0-8EA7-128C1E5A2C0E}.Debug|x64.Build.0 = Debug|x64
		{BF923AA1-E20F-4AF0-8EA7-128C1E5A2C0E}.Debug|x64.Deploy.0 = Debug|x64
		{BF923AA1-E20F-4AF0-8EA7-128C1E5A2C0E}.Debug|x86.ActiveCfg = Debug|x86
		{BF923AA1-E20F-4AF0-8EA7-128C1E5A2C0E}.Debug|x86.Build.0 = Debug|x86
		{BF923AA1-E20F-4AF0-8EA7-128C1E5A2C0E}.Debug|x86.Deploy.0 = Debug|x86
		{BF923AA1-E20F-4AF0-8EA7-128C1E5A2C0E}.Release|Any CPU.ActiveCfg = Release|x64
		{BF923AA1-E20F-4AF0-8EA7-128C1E5A2C0E}.Release|Any CPU.Build.0 = Release|x64
		{BF923AA1-E20F-4AF0-8EA7-128C1E5A2C0E}.Release|Any CPU.Deploy.0 = Release|x64
		{BF923AA1-E20F-4AF0-8EA7-128C1E5A2C0E}.Release|ARM.ActiveCfg = Release|ARM
		{BF923AA1-E20F-4AF0-8EA7-128C1E5A2C0E}.Release|ARM.Build.0 = Release|ARM
		{BF923AA1-E20F-4AF0-8EA7-128C1E5A2C0E}.Release|ARM.Deploy.0 = Release|ARM
		{BF923AA1-E20F-4AF0-8EA7-128C1E5A2C0E}.Release|iPhone.ActiveCfg = Release|x64
		{BF923AA1-E20F-4AF0-8EA7-128C1E5A2C0E}.Release|iPhone.Build.0 = Release|x64
		{BF923AA1-E20F-4AF0-8EA7-128C1E5A2C0E}.Release|iPhone.Deploy.0 = Release|x64
		{BF923AA1-E20F-4AF0-8EA7-128C1E5A2C0E}.Release|iPhoneSimulator.ActiveCfg = Release|x64
		{BF923AA1-E20F-4AF0-8EA7-128C1E5A2C0E}.Release|iPhoneSimulator.Build.0 = Release|x64
		{BF923AA1-E20F-4AF0-8EA7-128C1E5A2C0E}.Release|iPhoneSimulator.Deploy.0 = Release|x64
		{BF923AA1-E20F-4AF0-8EA7-128C1E5A2C0E}.Release|x64.ActiveCfg = Release|x64
		{BF923AA1-E20F-4AF0-8EA7-128C1E5A2C0E}.Release|x64.Build.0 = Release|x64
		{BF923AA1-E20F-4AF0-8EA7-128C1E5A2C0E}.Release|x64.Deploy.0 = Release|x64
		{BF923AA1-E20F-4AF0-8EA7-128C1E5A2C0E}.Release|x86.ActiveCfg = Release|x86
		{BF923AA1-E20F-4AF0-8EA7-128C1E5A2C0E}.Release|x86.Build.0 = Release|x86
		{BF923AA1-E20F-4AF0-8EA7-128C1E5A2C0E}.Release|x86.Deploy.0 = Release|x86
		{3C6892B2-00E6-4232-85A7-D73340646DEE}.Debug|Any CPU.ActiveCfg = Debug|Any CPU
		{3C6892B2-00E6-4232-85A7-D73340646DEE}.Debug|Any CPU.Build.0 = Debug|Any CPU
		{3C6892B2-00E6-4232-85A7-D73340646DEE}.Debug|Any CPU.Deploy.0 = Debug|Any CPU
		{3C6892B2-00E6-4232-85A7-D73340646DEE}.Debug|ARM.ActiveCfg = Debug|Any CPU
		{3C6892B2-00E6-4232-85A7-D73340646DEE}.Debug|ARM.Build.0 = Debug|Any CPU
		{3C6892B2-00E6-4232-85A7-D73340646DEE}.Debug|ARM.Deploy.0 = Debug|Any CPU
		{3C6892B2-00E6-4232-85A7-D73340646DEE}.Debug|iPhone.ActiveCfg = Debug|Any CPU
		{3C6892B2-00E6-4232-85A7-D73340646DEE}.Debug|iPhone.Build.0 = Debug|Any CPU
		{3C6892B2-00E6-4232-85A7-D73340646DEE}.Debug|iPhone.Deploy.0 = Debug|Any CPU
		{3C6892B2-00E6-4232-85A7-D73340646DEE}.Debug|iPhoneSimulator.ActiveCfg = Debug|Any CPU
		{3C6892B2-00E6-4232-85A7-D73340646DEE}.Debug|iPhoneSimulator.Build.0 = Debug|Any CPU
		{3C6892B2-00E6-4232-85A7-D73340646DEE}.Debug|iPhoneSimulator.Deploy.0 = Debug|Any CPU
		{3C6892B2-00E6-4232-85A7-D73340646DEE}.Debug|x64.ActiveCfg = Debug|Any CPU
		{3C6892B2-00E6-4232-85A7-D73340646DEE}.Debug|x64.Build.0 = Debug|Any CPU
		{3C6892B2-00E6-4232-85A7-D73340646DEE}.Debug|x64.Deploy.0 = Debug|Any CPU
		{3C6892B2-00E6-4232-85A7-D73340646DEE}.Debug|x86.ActiveCfg = Debug|Any CPU
		{3C6892B2-00E6-4232-85A7-D73340646DEE}.Debug|x86.Build.0 = Debug|Any CPU
		{3C6892B2-00E6-4232-85A7-D73340646DEE}.Debug|x86.Deploy.0 = Debug|Any CPU
		{3C6892B2-00E6-4232-85A7-D73340646DEE}.Release|Any CPU.ActiveCfg = Release|Any CPU
		{3C6892B2-00E6-4232-85A7-D73340646DEE}.Release|Any CPU.Build.0 = Release|Any CPU
		{3C6892B2-00E6-4232-85A7-D73340646DEE}.Release|Any CPU.Deploy.0 = Release|Any CPU
		{3C6892B2-00E6-4232-85A7-D73340646DEE}.Release|ARM.ActiveCfg = Release|Any CPU
		{3C6892B2-00E6-4232-85A7-D73340646DEE}.Release|ARM.Build.0 = Release|Any CPU
		{3C6892B2-00E6-4232-85A7-D73340646DEE}.Release|ARM.Deploy.0 = Release|Any CPU
		{3C6892B2-00E6-4232-85A7-D73340646DEE}.Release|iPhone.ActiveCfg = Release|Any CPU
		{3C6892B2-00E6-4232-85A7-D73340646DEE}.Release|iPhone.Build.0 = Release|Any CPU
		{3C6892B2-00E6-4232-85A7-D73340646DEE}.Release|iPhone.Deploy.0 = Release|Any CPU
		{3C6892B2-00E6-4232-85A7-D73340646DEE}.Release|iPhoneSimulator.ActiveCfg = Release|Any CPU
		{3C6892B2-00E6-4232-85A7-D73340646DEE}.Release|iPhoneSimulator.Build.0 = Release|Any CPU
		{3C6892B2-00E6-4232-85A7-D73340646DEE}.Release|iPhoneSimulator.Deploy.0 = Release|Any CPU
		{3C6892B2-00E6-4232-85A7-D73340646DEE}.Release|x64.ActiveCfg = Release|Any CPU
		{3C6892B2-00E6-4232-85A7-D73340646DEE}.Release|x64.Build.0 = Release|Any CPU
		{3C6892B2-00E6-4232-85A7-D73340646DEE}.Release|x64.Deploy.0 = Release|Any CPU
		{3C6892B2-00E6-4232-85A7-D73340646DEE}.Release|x86.ActiveCfg = Release|Any CPU
		{3C6892B2-00E6-4232-85A7-D73340646DEE}.Release|x86.Build.0 = Release|Any CPU
		{3C6892B2-00E6-4232-85A7-D73340646DEE}.Release|x86.Deploy.0 = Release|Any CPU
		{EBAA5A11-8E27-4706-AAC7-16FA6D43AC9D}.Debug|Any CPU.ActiveCfg = Debug|Any CPU
		{EBAA5A11-8E27-4706-AAC7-16FA6D43AC9D}.Debug|Any CPU.Build.0 = Debug|Any CPU
		{EBAA5A11-8E27-4706-AAC7-16FA6D43AC9D}.Debug|Any CPU.Deploy.0 = Debug|Any CPU
		{EBAA5A11-8E27-4706-AAC7-16FA6D43AC9D}.Debug|ARM.ActiveCfg = Debug|Any CPU
		{EBAA5A11-8E27-4706-AAC7-16FA6D43AC9D}.Debug|ARM.Build.0 = Debug|Any CPU
		{EBAA5A11-8E27-4706-AAC7-16FA6D43AC9D}.Debug|ARM.Deploy.0 = Debug|Any CPU
		{EBAA5A11-8E27-4706-AAC7-16FA6D43AC9D}.Debug|iPhone.ActiveCfg = Debug|Any CPU
		{EBAA5A11-8E27-4706-AAC7-16FA6D43AC9D}.Debug|iPhone.Build.0 = Debug|Any CPU
		{EBAA5A11-8E27-4706-AAC7-16FA6D43AC9D}.Debug|iPhone.Deploy.0 = Debug|Any CPU
		{EBAA5A11-8E27-4706-AAC7-16FA6D43AC9D}.Debug|iPhoneSimulator.ActiveCfg = Debug|Any CPU
		{EBAA5A11-8E27-4706-AAC7-16FA6D43AC9D}.Debug|iPhoneSimulator.Build.0 = Debug|Any CPU
		{EBAA5A11-8E27-4706-AAC7-16FA6D43AC9D}.Debug|iPhoneSimulator.Deploy.0 = Debug|Any CPU
		{EBAA5A11-8E27-4706-AAC7-16FA6D43AC9D}.Debug|x64.ActiveCfg = Debug|Any CPU
		{EBAA5A11-8E27-4706-AAC7-16FA6D43AC9D}.Debug|x64.Build.0 = Debug|Any CPU
		{EBAA5A11-8E27-4706-AAC7-16FA6D43AC9D}.Debug|x64.Deploy.0 = Debug|Any CPU
		{EBAA5A11-8E27-4706-AAC7-16FA6D43AC9D}.Debug|x86.ActiveCfg = Debug|Any CPU
		{EBAA5A11-8E27-4706-AAC7-16FA6D43AC9D}.Debug|x86.Build.0 = Debug|Any CPU
		{EBAA5A11-8E27-4706-AAC7-16FA6D43AC9D}.Debug|x86.Deploy.0 = Debug|Any CPU
		{EBAA5A11-8E27-4706-AAC7-16FA6D43AC9D}.Release|Any CPU.ActiveCfg = Release|Any CPU
		{EBAA5A11-8E27-4706-AAC7-16FA6D43AC9D}.Release|Any CPU.Build.0 = Release|Any CPU
		{EBAA5A11-8E27-4706-AAC7-16FA6D43AC9D}.Release|Any CPU.Deploy.0 = Release|Any CPU
		{EBAA5A11-8E27-4706-AAC7-16FA6D43AC9D}.Release|ARM.ActiveCfg = Release|Any CPU
		{EBAA5A11-8E27-4706-AAC7-16FA6D43AC9D}.Release|ARM.Build.0 = Release|Any CPU
		{EBAA5A11-8E27-4706-AAC7-16FA6D43AC9D}.Release|ARM.Deploy.0 = Release|Any CPU
		{EBAA5A11-8E27-4706-AAC7-16FA6D43AC9D}.Release|iPhone.ActiveCfg = Release|Any CPU
		{EBAA5A11-8E27-4706-AAC7-16FA6D43AC9D}.Release|iPhone.Build.0 = Release|Any CPU
		{EBAA5A11-8E27-4706-AAC7-16FA6D43AC9D}.Release|iPhone.Deploy.0 = Release|Any CPU
		{EBAA5A11-8E27-4706-AAC7-16FA6D43AC9D}.Release|iPhoneSimulator.ActiveCfg = Release|Any CPU
		{EBAA5A11-8E27-4706-AAC7-16FA6D43AC9D}.Release|iPhoneSimulator.Build.0 = Release|Any CPU
		{EBAA5A11-8E27-4706-AAC7-16FA6D43AC9D}.Release|iPhoneSimulator.Deploy.0 = Release|Any CPU
		{EBAA5A11-8E27-4706-AAC7-16FA6D43AC9D}.Release|x64.ActiveCfg = Release|Any CPU
		{EBAA5A11-8E27-4706-AAC7-16FA6D43AC9D}.Release|x64.Build.0 = Release|Any CPU
		{EBAA5A11-8E27-4706-AAC7-16FA6D43AC9D}.Release|x64.Deploy.0 = Release|Any CPU
		{EBAA5A11-8E27-4706-AAC7-16FA6D43AC9D}.Release|x86.ActiveCfg = Release|Any CPU
		{EBAA5A11-8E27-4706-AAC7-16FA6D43AC9D}.Release|x86.Build.0 = Release|Any CPU
		{EBAA5A11-8E27-4706-AAC7-16FA6D43AC9D}.Release|x86.Deploy.0 = Release|Any CPU
		{D692D896-93FA-4B4B-9998-3F70995F8A4F}.Debug|Any CPU.ActiveCfg = Debug|Any CPU
		{D692D896-93FA-4B4B-9998-3F70995F8A4F}.Debug|Any CPU.Build.0 = Debug|Any CPU
		{D692D896-93FA-4B4B-9998-3F70995F8A4F}.Debug|ARM.ActiveCfg = Debug|Any CPU
		{D692D896-93FA-4B4B-9998-3F70995F8A4F}.Debug|ARM.Build.0 = Debug|Any CPU
		{D692D896-93FA-4B4B-9998-3F70995F8A4F}.Debug|iPhone.ActiveCfg = Debug|Any CPU
		{D692D896-93FA-4B4B-9998-3F70995F8A4F}.Debug|iPhone.Build.0 = Debug|Any CPU
		{D692D896-93FA-4B4B-9998-3F70995F8A4F}.Debug|iPhoneSimulator.ActiveCfg = Debug|Any CPU
		{D692D896-93FA-4B4B-9998-3F70995F8A4F}.Debug|iPhoneSimulator.Build.0 = Debug|Any CPU
		{D692D896-93FA-4B4B-9998-3F70995F8A4F}.Debug|x64.ActiveCfg = Debug|Any CPU
		{D692D896-93FA-4B4B-9998-3F70995F8A4F}.Debug|x64.Build.0 = Debug|Any CPU
		{D692D896-93FA-4B4B-9998-3F70995F8A4F}.Debug|x86.ActiveCfg = Debug|Any CPU
		{D692D896-93FA-4B4B-9998-3F70995F8A4F}.Debug|x86.Build.0 = Debug|Any CPU
		{D692D896-93FA-4B4B-9998-3F70995F8A4F}.Release|Any CPU.ActiveCfg = Release|Any CPU
		{D692D896-93FA-4B4B-9998-3F70995F8A4F}.Release|Any CPU.Build.0 = Release|Any CPU
		{D692D896-93FA-4B4B-9998-3F70995F8A4F}.Release|ARM.ActiveCfg = Release|Any CPU
		{D692D896-93FA-4B4B-9998-3F70995F8A4F}.Release|ARM.Build.0 = Release|Any CPU
		{D692D896-93FA-4B4B-9998-3F70995F8A4F}.Release|iPhone.ActiveCfg = Release|Any CPU
		{D692D896-93FA-4B4B-9998-3F70995F8A4F}.Release|iPhone.Build.0 = Release|Any CPU
		{D692D896-93FA-4B4B-9998-3F70995F8A4F}.Release|iPhoneSimulator.ActiveCfg = Release|Any CPU
		{D692D896-93FA-4B4B-9998-3F70995F8A4F}.Release|iPhoneSimulator.Build.0 = Release|Any CPU
		{D692D896-93FA-4B4B-9998-3F70995F8A4F}.Release|x64.ActiveCfg = Release|Any CPU
		{D692D896-93FA-4B4B-9998-3F70995F8A4F}.Release|x64.Build.0 = Release|Any CPU
		{D692D896-93FA-4B4B-9998-3F70995F8A4F}.Release|x86.ActiveCfg = Release|Any CPU
		{D692D896-93FA-4B4B-9998-3F70995F8A4F}.Release|x86.Build.0 = Release|Any CPU
		{4F6C0E42-CD38-4C8C-8405-705E6F94452F}.Debug|Any CPU.ActiveCfg = Debug|Any CPU
		{4F6C0E42-CD38-4C8C-8405-705E6F94452F}.Debug|Any CPU.Build.0 = Debug|Any CPU
		{4F6C0E42-CD38-4C8C-8405-705E6F94452F}.Debug|ARM.ActiveCfg = Debug|Any CPU
		{4F6C0E42-CD38-4C8C-8405-705E6F94452F}.Debug|ARM.Build.0 = Debug|Any CPU
		{4F6C0E42-CD38-4C8C-8405-705E6F94452F}.Debug|iPhone.ActiveCfg = Debug|Any CPU
		{4F6C0E42-CD38-4C8C-8405-705E6F94452F}.Debug|iPhone.Build.0 = Debug|Any CPU
		{4F6C0E42-CD38-4C8C-8405-705E6F94452F}.Debug|iPhoneSimulator.ActiveCfg = Debug|Any CPU
		{4F6C0E42-CD38-4C8C-8405-705E6F94452F}.Debug|iPhoneSimulator.Build.0 = Debug|Any CPU
		{4F6C0E42-CD38-4C8C-8405-705E6F94452F}.Debug|x64.ActiveCfg = Debug|Any CPU
		{4F6C0E42-CD38-4C8C-8405-705E6F94452F}.Debug|x64.Build.0 = Debug|Any CPU
		{4F6C0E42-CD38-4C8C-8405-705E6F94452F}.Debug|x86.ActiveCfg = Debug|Any CPU
		{4F6C0E42-CD38-4C8C-8405-705E6F94452F}.Debug|x86.Build.0 = Debug|Any CPU
		{4F6C0E42-CD38-4C8C-8405-705E6F94452F}.Release|Any CPU.ActiveCfg = Release|Any CPU
		{4F6C0E42-CD38-4C8C-8405-705E6F94452F}.Release|Any CPU.Build.0 = Release|Any CPU
		{4F6C0E42-CD38-4C8C-8405-705E6F94452F}.Release|ARM.ActiveCfg = Release|Any CPU
		{4F6C0E42-CD38-4C8C-8405-705E6F94452F}.Release|ARM.Build.0 = Release|Any CPU
		{4F6C0E42-CD38-4C8C-8405-705E6F94452F}.Release|iPhone.ActiveCfg = Release|Any CPU
		{4F6C0E42-CD38-4C8C-8405-705E6F94452F}.Release|iPhone.Build.0 = Release|Any CPU
		{4F6C0E42-CD38-4C8C-8405-705E6F94452F}.Release|iPhoneSimulator.ActiveCfg = Release|Any CPU
		{4F6C0E42-CD38-4C8C-8405-705E6F94452F}.Release|iPhoneSimulator.Build.0 = Release|Any CPU
		{4F6C0E42-CD38-4C8C-8405-705E6F94452F}.Release|x64.ActiveCfg = Release|Any CPU
		{4F6C0E42-CD38-4C8C-8405-705E6F94452F}.Release|x64.Build.0 = Release|Any CPU
		{4F6C0E42-CD38-4C8C-8405-705E6F94452F}.Release|x86.ActiveCfg = Release|Any CPU
		{4F6C0E42-CD38-4C8C-8405-705E6F94452F}.Release|x86.Build.0 = Release|Any CPU
		{4FD3A5CF-E966-4854-B4C7-DEC82D2B2876}.Debug|Any CPU.ActiveCfg = Debug|Any CPU
		{4FD3A5CF-E966-4854-B4C7-DEC82D2B2876}.Debug|Any CPU.Build.0 = Debug|Any CPU
		{4FD3A5CF-E966-4854-B4C7-DEC82D2B2876}.Debug|ARM.ActiveCfg = Debug|Any CPU
		{4FD3A5CF-E966-4854-B4C7-DEC82D2B2876}.Debug|ARM.Build.0 = Debug|Any CPU
		{4FD3A5CF-E966-4854-B4C7-DEC82D2B2876}.Debug|iPhone.ActiveCfg = Debug|Any CPU
		{4FD3A5CF-E966-4854-B4C7-DEC82D2B2876}.Debug|iPhone.Build.0 = Debug|Any CPU
		{4FD3A5CF-E966-4854-B4C7-DEC82D2B2876}.Debug|iPhoneSimulator.ActiveCfg = Debug|Any CPU
		{4FD3A5CF-E966-4854-B4C7-DEC82D2B2876}.Debug|iPhoneSimulator.Build.0 = Debug|Any CPU
		{4FD3A5CF-E966-4854-B4C7-DEC82D2B2876}.Debug|x64.ActiveCfg = Debug|Any CPU
		{4FD3A5CF-E966-4854-B4C7-DEC82D2B2876}.Debug|x64.Build.0 = Debug|Any CPU
		{4FD3A5CF-E966-4854-B4C7-DEC82D2B2876}.Debug|x86.ActiveCfg = Debug|Any CPU
		{4FD3A5CF-E966-4854-B4C7-DEC82D2B2876}.Debug|x86.Build.0 = Debug|Any CPU
		{4FD3A5CF-E966-4854-B4C7-DEC82D2B2876}.Release|Any CPU.ActiveCfg = Release|Any CPU
		{4FD3A5CF-E966-4854-B4C7-DEC82D2B2876}.Release|Any CPU.Build.0 = Release|Any CPU
		{4FD3A5CF-E966-4854-B4C7-DEC82D2B2876}.Release|ARM.ActiveCfg = Release|Any CPU
		{4FD3A5CF-E966-4854-B4C7-DEC82D2B2876}.Release|ARM.Build.0 = Release|Any CPU
		{4FD3A5CF-E966-4854-B4C7-DEC82D2B2876}.Release|iPhone.ActiveCfg = Release|Any CPU
		{4FD3A5CF-E966-4854-B4C7-DEC82D2B2876}.Release|iPhone.Build.0 = Release|Any CPU
		{4FD3A5CF-E966-4854-B4C7-DEC82D2B2876}.Release|iPhoneSimulator.ActiveCfg = Release|Any CPU
		{4FD3A5CF-E966-4854-B4C7-DEC82D2B2876}.Release|iPhoneSimulator.Build.0 = Release|Any CPU
		{4FD3A5CF-E966-4854-B4C7-DEC82D2B2876}.Release|x64.ActiveCfg = Release|Any CPU
		{4FD3A5CF-E966-4854-B4C7-DEC82D2B2876}.Release|x64.Build.0 = Release|Any CPU
		{4FD3A5CF-E966-4854-B4C7-DEC82D2B2876}.Release|x86.ActiveCfg = Release|Any CPU
		{4FD3A5CF-E966-4854-B4C7-DEC82D2B2876}.Release|x86.Build.0 = Release|Any CPU
		{BED7A390-BC4F-43C3-A96C-ACEAEDA47682}.Debug|Any CPU.ActiveCfg = Debug|Any CPU
		{BED7A390-BC4F-43C3-A96C-ACEAEDA47682}.Debug|Any CPU.Build.0 = Debug|Any CPU
		{BED7A390-BC4F-43C3-A96C-ACEAEDA47682}.Debug|ARM.ActiveCfg = Debug|Any CPU
		{BED7A390-BC4F-43C3-A96C-ACEAEDA47682}.Debug|ARM.Build.0 = Debug|Any CPU
		{BED7A390-BC4F-43C3-A96C-ACEAEDA47682}.Debug|iPhone.ActiveCfg = Debug|Any CPU
		{BED7A390-BC4F-43C3-A96C-ACEAEDA47682}.Debug|iPhone.Build.0 = Debug|Any CPU
		{BED7A390-BC4F-43C3-A96C-ACEAEDA47682}.Debug|iPhoneSimulator.ActiveCfg = Debug|Any CPU
		{BED7A390-BC4F-43C3-A96C-ACEAEDA47682}.Debug|iPhoneSimulator.Build.0 = Debug|Any CPU
		{BED7A390-BC4F-43C3-A96C-ACEAEDA47682}.Debug|x64.ActiveCfg = Debug|Any CPU
		{BED7A390-BC4F-43C3-A96C-ACEAEDA47682}.Debug|x64.Build.0 = Debug|Any CPU
		{BED7A390-BC4F-43C3-A96C-ACEAEDA47682}.Debug|x86.ActiveCfg = Debug|Any CPU
		{BED7A390-BC4F-43C3-A96C-ACEAEDA47682}.Debug|x86.Build.0 = Debug|Any CPU
		{BED7A390-BC4F-43C3-A96C-ACEAEDA47682}.Release|Any CPU.ActiveCfg = Release|Any CPU
		{BED7A390-BC4F-43C3-A96C-ACEAEDA47682}.Release|Any CPU.Build.0 = Release|Any CPU
		{BED7A390-BC4F-43C3-A96C-ACEAEDA47682}.Release|ARM.ActiveCfg = Release|Any CPU
		{BED7A390-BC4F-43C3-A96C-ACEAEDA47682}.Release|ARM.Build.0 = Release|Any CPU
		{BED7A390-BC4F-43C3-A96C-ACEAEDA47682}.Release|iPhone.ActiveCfg = Release|Any CPU
		{BED7A390-BC4F-43C3-A96C-ACEAEDA47682}.Release|iPhone.Build.0 = Release|Any CPU
		{BED7A390-BC4F-43C3-A96C-ACEAEDA47682}.Release|iPhoneSimulator.ActiveCfg = Release|Any CPU
		{BED7A390-BC4F-43C3-A96C-ACEAEDA47682}.Release|iPhoneSimulator.Build.0 = Release|Any CPU
		{BED7A390-BC4F-43C3-A96C-ACEAEDA47682}.Release|x64.ActiveCfg = Release|Any CPU
		{BED7A390-BC4F-43C3-A96C-ACEAEDA47682}.Release|x64.Build.0 = Release|Any CPU
		{BED7A390-BC4F-43C3-A96C-ACEAEDA47682}.Release|x86.ActiveCfg = Release|Any CPU
		{BED7A390-BC4F-43C3-A96C-ACEAEDA47682}.Release|x86.Build.0 = Release|Any CPU
	EndGlobalSection
	GlobalSection(SolutionProperties) = preSolution
		HideSolutionNode = FALSE
	EndGlobalSection
	GlobalSection(ExtensibilityGlobals) = postSolution
		SolutionGuid = {573C9A1A-FBBA-4C18-A38A-81BF445CAC3A}
	EndGlobalSection
EndGlobal
